
Microsoft Visual Studio Solution File, Format Version 12.00
# Visual Studio Version 17
VisualStudioVersion = 17.10.35122.118
MinimumVisualStudioVersion = 10.0.40219.1
Project("{9A19103F-16F7-4668-BE54-9A1E7A4F7556}") = "FruityGitDesktop", "FruityGitDesktop\FruityGitDesktop.csproj", "{FEAB2085-A9CF-4965-B1E6-AA583A7F29B2}"
EndProject
Project("{9A19103F-16F7-4668-BE54-9A1E7A4F7556}") = "FruityGitServer", "FruityGitServer\FruityGitServer.csproj", "{A75BAE4D-837E-425E-B1A0-E1E419F8A11A}"
EndProject
Project("{E53339B2-1760-4266-BCC7-CA923CBCF16C}") = "docker-compose", "docker-compose.dcproj", "{2DAAF01A-0A4D-4111-8C43-EDD1C0FCCD23}"
EndProject
Global
	GlobalSection(SolutionConfigurationPlatforms) = preSolution
		Debug|Any CPU = Debug|Any CPU
		Release|Any CPU = Release|Any CPU
	EndGlobalSection
	GlobalSection(ProjectConfigurationPlatforms) = postSolution
		{FEAB2085-A9CF-4965-B1E6-AA583A7F29B2}.Debug|Any CPU.ActiveCfg = Debug|Any CPU
		{FEAB2085-A9CF-4965-B1E6-AA583A7F29B2}.Debug|Any CPU.Build.0 = Debug|Any CPU
		{FEAB2085-A9CF-4965-B1E6-AA583A7F29B2}.Release|Any CPU.ActiveCfg = Release|Any CPU
		{FEAB2085-A9CF-4965-B1E6-AA583A7F29B2}.Release|Any CPU.Build.0 = Release|Any CPU
		{A75BAE4D-837E-425E-B1A0-E1E419F8A11A}.Debug|Any CPU.ActiveCfg = Debug|Any CPU
		{A75BAE4D-837E-425E-B1A0-E1E419F8A11A}.Debug|Any CPU.Build.0 = Debug|Any CPU
		{A75BAE4D-837E-425E-B1A0-E1E419F8A11A}.Release|Any CPU.ActiveCfg = Release|Any CPU
		{A75BAE4D-837E-425E-B1A0-E1E419F8A11A}.Release|Any CPU.Build.0 = Release|Any CPU
		{2DAAF01A-0A4D-4111-8C43-EDD1C0FCCD23}.Debug|Any CPU.ActiveCfg = Debug|Any CPU
		{2DAAF01A-0A4D-4111-8C43-EDD1C0FCCD23}.Debug|Any CPU.Build.0 = Debug|Any CPU
		{2DAAF01A-0A4D-4111-8C43-EDD1C0FCCD23}.Release|Any CPU.ActiveCfg = Release|Any CPU
		{2DAAF01A-0A4D-4111-8C43-EDD1C0FCCD23}.Release|Any CPU.Build.0 = Release|Any CPU
	EndGlobalSection
	GlobalSection(SolutionProperties) = preSolution
		HideSolutionNode = FALSE
	EndGlobalSection
	GlobalSection(ExtensibilityGlobals) = postSolution
		SolutionGuid = {C2C74845-9988-4D6A-8671-2E8F72D7150A}
	EndGlobalSection
EndGlobal
